
Microsoft Visual Studio Solution File, Format Version 12.00
# Visual Studio 2012
Project("{FAE04EC0-301F-11D3-BF4B-00C04F79EFBC}") = "asp.net-mvc-setup", "asp.net-mvc-setup\asp.net-mvc-setup.csproj", "{AB71F27E-4851-4629-BDCC-9D36621468E2}"
EndProject
Project("{FAE04EC0-301F-11D3-BF4B-00C04F79EFBC}") = "asp.net-mvc-setup.Tests", "asp.net-mvc-setup.Tests\asp.net-mvc-setup.Tests.csproj", "{1F76D198-E831-4932-BB3F-C697BD7D65C1}"
EndProject
Global
	GlobalSection(SolutionConfigurationPlatforms) = preSolution
		Debug|Any CPU = Debug|Any CPU
		Release|Any CPU = Release|Any CPU
	EndGlobalSection
	GlobalSection(ProjectConfigurationPlatforms) = postSolution
		{AB71F27E-4851-4629-BDCC-9D36621468E2}.Debug|Any CPU.ActiveCfg = Debug|Any CPU
		{AB71F27E-4851-4629-BDCC-9D36621468E2}.Debug|Any CPU.Build.0 = Debug|Any CPU
		{AB71F27E-4851-4629-BDCC-9D36621468E2}.Release|Any CPU.ActiveCfg = Release|Any CPU
		{AB71F27E-4851-4629-BDCC-9D36621468E2}.Release|Any CPU.Build.0 = Release|Any CPU
		{1F76D198-E831-4932-BB3F-C697BD7D65C1}.Debug|Any CPU.ActiveCfg = Debug|Any CPU
		{1F76D198-E831-4932-BB3F-C697BD7D65C1}.Debug|Any CPU.Build.0 = Debug|Any CPU
		{1F76D198-E831-4932-BB3F-C697BD7D65C1}.Release|Any CPU.ActiveCfg = Release|Any CPU
		{1F76D198-E831-4932-BB3F-C697BD7D65C1}.Release|Any CPU.Build.0 = Release|Any CPU
	EndGlobalSection
EndGlobal
